{
  "name": "youtube-chat-overlay",
  "version": "1.0.0",
  "lockfileVersion": 3,
  "requires": true,
  "packages": {
    "": {
      "name": "youtube-chat-overlay",
      "version": "0.0.0",
      "devDependencies": {
        "@tauri-apps/cli": "^2.0.0-rc.3"
      }
    },
    "node_modules/@tauri-apps/cli": {
      "version": "2.0.0-rc.3",
      "resolved": "https://registry.npmjs.org/@tauri-apps/cli/-/cli-2.0.0-rc.3.tgz",
      "integrity": "sha512-iNF95pieBmverl1EmQyqh+fhcIClS544fN5Ex5lAbYLTiHZ/gm3lOfVBhF6NPaKd/sfLuy7K1tfDXlHztBfANw==",
      "dev": true,
      "bin": {
        "tauri": "tauri.js"
      },
      "engines": {
        "node": ">= 10"
      },
      "funding": {
        "type": "opencollective",
        "url": "https://opencollective.com/tauri"
      },
      "optionalDependencies": {
        "@tauri-apps/cli-darwin-arm64": "2.0.0-rc.3",
        "@tauri-apps/cli-darwin-x64": "2.0.0-rc.3",
        "@tauri-apps/cli-linux-arm-gnueabihf": "2.0.0-rc.3",
        "@tauri-apps/cli-linux-arm64-gnu": "2.0.0-rc.3",
        "@tauri-apps/cli-linux-arm64-musl": "2.0.0-rc.3",
        "@tauri-apps/cli-linux-x64-gnu": "2.0.0-rc.3",
        "@tauri-apps/cli-linux-x64-musl": "2.0.0-rc.3",
        "@tauri-apps/cli-win32-arm64-msvc": "2.0.0-rc.3",
        "@tauri-apps/cli-win32-ia32-msvc": "2.0.0-rc.3",
        "@tauri-apps/cli-win32-x64-msvc": "2.0.0-rc.3"
      }
    },
    "node_modules/@tauri-apps/cli-darwin-arm64": {
      "version": "2.0.0-rc.3",
      "resolved": "https://registry.npmjs.org/@tauri-apps/cli-darwin-arm64/-/cli-darwin-arm64-2.0.0-rc.3.tgz",
      "integrity": "sha512-szYCSr/ChbCF+S6Wnr15TYpI2cZR07d+AQOiFGuScP0preM8Pbsk/sb0hfLwqzepjVFFNVWQba9sG7FEW2Y2XA==",
      "cpu": [
        "arm64"
      ],
      "dev": true,
      "optional": true,
      "os": [
        "darwin"
      ],
      "engines": {
        "node": ">= 10"
      }
    },
    "node_modules/@tauri-apps/cli-darwin-x64": {
      "version": "2.0.0-rc.3",
      "resolved": "https://registry.npmjs.org/@tauri-apps/cli-darwin-x64/-/cli-darwin-x64-2.0.0-rc.3.tgz",
      "integrity": "sha512-BJv6EJOY1DJbRzVtfg8CcBAlnS5OjhBAc5YKjh4BT7EyOcop8HStBSxhL6yjWrUP7eLR1iIsW/uSehVJwzYIdQ==",
      "cpu": [
        "x64"
      ],
      "dev": true,
      "optional": true,
      "os": [
        "darwin"
      ],
      "engines": {
        "node": ">= 10"
      }
    },
    "node_modules/@tauri-apps/cli-linux-arm-gnueabihf": {
      "version": "2.0.0-rc.3",
      "resolved": "https://registry.npmjs.org/@tauri-apps/cli-linux-arm-gnueabihf/-/cli-linux-arm-gnueabihf-2.0.0-rc.3.tgz",
      "integrity": "sha512-fwx805/xL4sF/EdMYqcUHQHzMYwo+OVTBTz5x/JWK8D57rnmLHAP+ZhnfFsZQLRo2QRT2l1Ye3bDyU+QRA1JFA==",
      "cpu": [
        "arm"
      ],
      "dev": true,
      "optional": true,
      "os": [
        "linux"
      ],
      "engines": {
        "node": ">= 10"
      }
    },
    "node_modules/@tauri-apps/cli-linux-arm64-gnu": {
      "version": "2.0.0-rc.3",
      "resolved": "https://registry.npmjs.org/@tauri-apps/cli-linux-arm64-gnu/-/cli-linux-arm64-gnu-2.0.0-rc.3.tgz",
      "integrity": "sha512-3KauzO1Ls4kuY0nr82S4X8XFxlQAMN+Mqp8LLqvQ+PPMp92XQAkPH7osQdoHIEoW5gsE69U2JaiQ5tHSqNM9og==",
      "cpu": [
        "arm64"
      ],
      "dev": true,
      "optional": true,
      "os": [
        "linux"
      ],
      "engines": {
        "node": ">= 10"
      }
    },
    "node_modules/@tauri-apps/cli-linux-arm64-musl": {
      "version": "2.0.0-rc.3",
      "resolved": "https://registry.npmjs.org/@tauri-apps/cli-linux-arm64-musl/-/cli-linux-arm64-musl-2.0.0-rc.3.tgz",
      "integrity": "sha512-ngHS0foffm1xO5gqnDKGeYMKj8ceGmrFP5dDldoaaMQubw1SyFa0pRUjb7fZSYiO7F4SOSa8NYeMqlF9peZmnQ==",
      "cpu": [
        "arm64"
      ],
      "dev": true,
      "optional": true,
      "os": [
        "linux"
      ],
      "engines": {
        "node": ">= 10"
      }
    },
    "node_modules/@tauri-apps/cli-linux-x64-gnu": {
      "version": "2.0.0-rc.3",
      "resolved": "https://registry.npmjs.org/@tauri-apps/cli-linux-x64-gnu/-/cli-linux-x64-gnu-2.0.0-rc.3.tgz",
      "integrity": "sha512-0/am9pVvuUHGmz32M8ffz1fpLnc08j3nzcRe5wUdL2AxfT+wKMII+Dn99GtCVgcdDW4jSXDMRUwrBkGocGC2OA==",
      "cpu": [
        "x64"
      ],
      "dev": true,
      "optional": true,
      "os": [
        "linux"
      ],
      "engines": {
        "node": ">= 10"
      }
    },
    "node_modules/@tauri-apps/cli-linux-x64-musl": {
      "version": "2.0.0-rc.3",
      "resolved": "https://registry.npmjs.org/@tauri-apps/cli-linux-x64-musl/-/cli-linux-x64-musl-2.0.0-rc.3.tgz",
      "integrity": "sha512-r7mRi8q8TqTFVjb9kAsU7IgwUgno2s8Ip4xwq9psQhlRE3JGEZQmSEcy1jqTjfl6KFh6lJcDR7l+9/EMhL/D3Q==",
      "cpu": [
        "x64"
      ],
      "dev": true,
      "optional": true,
      "os": [
        "linux"
      ],
      "engines": {
        "node": ">= 10"
      }
    },
    "node_modules/@tauri-apps/cli-win32-arm64-msvc": {
      "version": "2.0.0-rc.3",
      "resolved": "https://registry.npmjs.org/@tauri-apps/cli-win32-arm64-msvc/-/cli-win32-arm64-msvc-2.0.0-rc.3.tgz",
      "integrity": "sha512-2J6KjmDIQCw6HF1X6/yPcd+JLl7pxrH2zVMGmNllaoWhHeByvRobqFWnT7gcdHaA3dGTo432CwWvOgTgrINQpQ==",
      "cpu": [
        "arm64"
      ],
      "dev": true,
      "optional": true,
      "os": [
        "win32"
      ],
      "engines": {
        "node": ">= 10"
      }
    },
    "node_modules/@tauri-apps/cli-win32-ia32-msvc": {
      "version": "2.0.0-rc.3",
      "resolved": "https://registry.npmjs.org/@tauri-apps/cli-win32-ia32-msvc/-/cli-win32-ia32-msvc-2.0.0-rc.3.tgz",
      "integrity": "sha512-8q75CsHDSEDdgi6xPwim+BaQZFCswK2Dn/qL38V3Mh9kmVvC8oGJMPC66bC20dF+v3KWeFm2FNNGQqOSXCveHg==",
      "cpu": [
        "ia32"
      ],
      "dev": true,
      "optional": true,
      "os": [
        "win32"
      ],
      "engines": {
        "node": ">= 10"
      }
    },
    "node_modules/@tauri-apps/cli-win32-x64-msvc": {
      "version": "2.0.0-rc.3",
      "resolved": "https://registry.npmjs.org/@tauri-apps/cli-win32-x64-msvc/-/cli-win32-x64-msvc-2.0.0-rc.3.tgz",
      "integrity": "sha512-qeBRJYalahxEXolekcpZJ/HBrIJacG2NWJBGhhi797mIwnbmlpbHMc8blIJtNNNwVUb2BjXuxKQVfojQ5YYrcg==",
      "cpu": [
        "x64"
      ],
      "dev": true,
      "optional": true,
      "os": [
        "win32"
      ],
      "engines": {
        "node": ">= 10"
      }
    }
  }
}
